// !$*UTF8*$!
{
	archiveVersion = 1;
	classes = {
	};
	objectVersion = 55;
	objects = {

/* Begin PBXFileReference section */
		8B039BE1280BC8F800133721 /* variables.playground */ = {isa = PBXFileReference; lastKnownFileType = file.playground; path = variables.playground; sourceTree = "<group>"; xcLanguageSpecificationIdentifier = xcode.lang.swift; };
/* End PBXFileReference section */

/* Begin PBXGroup section */
		8B039BD9280BC7F000133721 = {
			isa = PBXGroup;
			children = (
				8B039BE1280BC8F800133721 /* variables.playground */,
			);
			sourceTree = "<group>";
		};
/* End PBXGroup section */

/* Begin PBXProject section */
		8B039BDA280BC7F000133721 /* Project object */ = {
			isa = PBXProject;
			attributes = {
				BuildIndependentTargetsInParallel = 1;
				LastUpgradeCheck = 1330;
			};
			buildConfigurationList = 8B039BDD280BC7F000133721 /* Build configuration list for PBXProject "curso_swift" */;
			compatibilityVersion = "Xcode 13.0";
			developmentRegion = en;
			hasScannedForEncodings = 0;
			knownRegions = (
				en,
				Base,
			);
			mainGroup = 8B039BD9280BC7F000133721;
			projectDirPath = "";
			projectRoot = "";
			targets = (
			);
		};
/* End PBXProject section */

/* Begin XCBuildConfiguration section */
		8B039BDE280BC7F100133721 /* Debug */ = {
			isa = XCBuildConfiguration;
			buildSettings = {
			};
			name = Debug;
		};
		8B039BDF280BC7F100133721 /* Release */ = {
			isa = XCBuildConfiguration;
			buildSettings = {
			};
			name = Release;
		};
/* End XCBuildConfiguration section */

/* Begin XCConfigurationList section */
		8B039BDD280BC7F000133721 /* Build configuration list for PBXProject "curso_swift" */ = {
			isa = XCConfigurationList;
			buildConfigurations = (
				8B039BDE280BC7F100133721 /* Debug */,
				8B039BDF280BC7F100133721 /* Release */,
			);
			defaultConfigurationIsVisible = 0;
			defaultConfigurationName = Release;
		};
/* End XCConfigurationList section */
	};
	rootObject = 8B039BDA280BC7F000133721 /* Project object */;
}
